dependencies:
- name: kube-state-metrics
  repository: file://../kube-state-metrics
  version: 2.8.14
- name: nginx-ingress
  repository: file://../nginx-ingress
  version: 1.41.3
digest: sha256:718fa63710f630cad50f6c369242c132a4629ebbab8731b1083bc21a8aa5e5cb
generated: "2021-01-26T08:41:31.587129636-08:00"
